
Microsoft Visual Studio Solution File, Format Version 12.00
# Visual Studio Version 17
VisualStudioVersion = 17.0.32014.148
MinimumVisualStudioVersion = 10.0.40219.1
Project("{FAE04EC0-301F-11D3-BF4B-00C04F79EFBC}") = "Carcass Spark", "CarcassSpark\Carcass Spark.csproj", "{10F9A9D0-7717-4105-B4FA-EAD8DCB3D6E3}"
EndProject
Project("{2150E333-8FDC-42A3-9474-1A3956D46DE8}") = "Solution Items", "Solution Items", "{1DA2569F-9007-4019-92D3-AA4137E61FA5}"
	ProjectSection(SolutionItems) = preProject
		.editorconfig = .editorconfig
		README.md = README.md
		TODO.md = TODO.md
	EndProjectSection
EndProject
Global
	GlobalSection(SolutionConfigurationPlatforms) = preSolution
		Debug|Any CPU = Debug|Any CPU
		Release|Any CPU = Release|Any CPU
	EndGlobalSection
	GlobalSection(ProjectConfigurationPlatforms) = postSolution
		{10F9A9D0-7717-4105-B4FA-EAD8DCB3D6E3}.Debug|Any CPU.ActiveCfg = Debug|Any CPU
		{10F9A9D0-7717-4105-B4FA-EAD8DCB3D6E3}.Debug|Any CPU.Build.0 = Debug|Any CPU
		{10F9A9D0-7717-4105-B4FA-EAD8DCB3D6E3}.Release|Any CPU.ActiveCfg = Release|Any CPU
		{10F9A9D0-7717-4105-B4FA-EAD8DCB3D6E3}.Release|Any CPU.Build.0 = Release|Any CPU
	EndGlobalSection
	GlobalSection(SolutionProperties) = preSolution
		HideSolutionNode = FALSE
	EndGlobalSection
	GlobalSection(ExtensibilityGlobals) = postSolution
		SolutionGuid = {FEC5F5B3-0EF0-4D0C-A7AB-6210E036BD9D}
	EndGlobalSection
EndGlobal
